
Microsoft Visual Studio Solution File, Format Version 12.00
# Visual Studio Version 17
VisualStudioVersion = 17.13.35913.81 d17.13
MinimumVisualStudioVersion = 10.0.40219.1
Project("{FAE04EC0-301F-11D3-BF4B-00C04F79EFBC}") = "ApiDemo", "ApiDemo\ApiDemo.csproj", "{1ACFCD2A-65A4-4E86-AFB5-9BE610714126}"
EndProject
Global
	GlobalSection(SolutionConfigurationPlatforms) = preSolution
		Debug|Any CPU = Debug|Any CPU
		Release|Any CPU = Release|Any CPU
	EndGlobalSection
	GlobalSection(ProjectConfigurationPlatforms) = postSolution
		{1ACFCD2A-65A4-4E86-AFB5-9BE610714126}.Debug|Any CPU.ActiveCfg = Debug|Any CPU
		{1ACFCD2A-65A4-4E86-AFB5-9BE610714126}.Debug|Any CPU.Build.0 = Debug|Any CPU
		{1ACFCD2A-65A4-4E86-AFB5-9BE610714126}.Release|Any CPU.ActiveCfg = Release|Any CPU
		{1ACFCD2A-65A4-4E86-AFB5-9BE610714126}.Release|Any CPU.Build.0 = Release|Any CPU
	EndGlobalSection
	GlobalSection(SolutionProperties) = preSolution
		HideSolutionNode = FALSE
	EndGlobalSection
	GlobalSection(ExtensibilityGlobals) = postSolution
		SolutionGuid = {3A8A0B28-6EA2-4458-8E43-14B16E236E5A}
	EndGlobalSection
EndGlobal
