
Microsoft Visual Studio Solution File, Format Version 12.00
# Visual Studio Version 17
VisualStudioVersion = 17.13.35931.197 d17.13
MinimumVisualStudioVersion = 10.0.40219.1
Project("{FAE04EC0-301F-11D3-BF4B-00C04F79EFBC}") = "API-Project1", "API-Project1\API-Project1.csproj", "{6692029D-B2B0-44F2-AFA8-777A592FAA9C}"
EndProject
Global
	GlobalSection(SolutionConfigurationPlatforms) = preSolution
		Debug|Any CPU = Debug|Any CPU
		Release|Any CPU = Release|Any CPU
	EndGlobalSection
	GlobalSection(ProjectConfigurationPlatforms) = postSolution
		{6692029D-B2B0-44F2-AFA8-777A592FAA9C}.Debug|Any CPU.ActiveCfg = Debug|Any CPU
		{6692029D-B2B0-44F2-AFA8-777A592FAA9C}.Debug|Any CPU.Build.0 = Debug|Any CPU
		{6692029D-B2B0-44F2-AFA8-777A592FAA9C}.Release|Any CPU.ActiveCfg = Release|Any CPU
		{6692029D-B2B0-44F2-AFA8-777A592FAA9C}.Release|Any CPU.Build.0 = Release|Any CPU
	EndGlobalSection
	GlobalSection(SolutionProperties) = preSolution
		HideSolutionNode = FALSE
	EndGlobalSection
	GlobalSection(ExtensibilityGlobals) = postSolution
		SolutionGuid = {890B232B-2CA7-498C-9A10-091E0A7A4143}
	EndGlobalSection
EndGlobal
